
Microsoft Visual Studio Solution File, Format Version 12.00
# Visual Studio Version 16
VisualStudioVersion = 16.0.31129.286
MinimumVisualStudioVersion = 10.0.40219.1
Project("{FAE04EC0-301F-11D3-BF4B-00C04F79EFBC}") = "Exercise01", "Exercise01\Exercise01.csproj", "{CD8B6E37-693C-437D-92DA-737DCE4038D7}"
EndProject
Project("{FAE04EC0-301F-11D3-BF4B-00C04F79EFBC}") = "Models", "Models\Models.csproj", "{FA02F2D0-7654-46A4-B242-8DABBC8F93D5}"
EndProject
Global
	GlobalSection(SolutionConfigurationPlatforms) = preSolution
		Debug|Any CPU = Debug|Any CPU
		Release|Any CPU = Release|Any CPU
	EndGlobalSection
	GlobalSection(ProjectConfigurationPlatforms) = postSolution
		{CD8B6E37-693C-437D-92DA-737DCE4038D7}.Debug|Any CPU.ActiveCfg = Debug|Any CPU
		{CD8B6E37-693C-437D-92DA-737DCE4038D7}.Debug|Any CPU.Build.0 = Debug|Any CPU
		{CD8B6E37-693C-437D-92DA-737DCE4038D7}.Release|Any CPU.ActiveCfg = Release|Any CPU
		{CD8B6E37-693C-437D-92DA-737DCE4038D7}.Release|Any CPU.Build.0 = Release|Any CPU
		{FA02F2D0-7654-46A4-B242-8DABBC8F93D5}.Debug|Any CPU.ActiveCfg = Debug|Any CPU
		{FA02F2D0-7654-46A4-B242-8DABBC8F93D5}.Debug|Any CPU.Build.0 = Debug|Any CPU
		{FA02F2D0-7654-46A4-B242-8DABBC8F93D5}.Release|Any CPU.ActiveCfg = Release|Any CPU
		{FA02F2D0-7654-46A4-B242-8DABBC8F93D5}.Release|Any CPU.Build.0 = Release|Any CPU
	EndGlobalSection
	GlobalSection(SolutionProperties) = preSolution
		HideSolutionNode = FALSE
	EndGlobalSection
	GlobalSection(ExtensibilityGlobals) = postSolution
		SolutionGuid = {4F1E1607-E5F1-4C1D-B40B-CB60F0CE77CC}
	EndGlobalSection
EndGlobal
