
Microsoft Visual Studio Solution File, Format Version 12.00
# Visual Studio Version 16
VisualStudioVersion = 16.0.31129.286
MinimumVisualStudioVersion = 10.0.40219.1
Project("{FAE04EC0-301F-11D3-BF4B-00C04F79EFBC}") = "SchoolApp", "SchoolApp\SchoolApp.csproj", "{EC2DB917-1FD3-469F-B9B0-788E16432D55}"
EndProject
Project("{FAE04EC0-301F-11D3-BF4B-00C04F79EFBC}") = "Models", "Models\Models.csproj", "{98891D26-FB74-40C1-B4D3-526616DE9462}"
EndProject
Global
	GlobalSection(SolutionConfigurationPlatforms) = preSolution
		Debug|Any CPU = Debug|Any CPU
		Release|Any CPU = Release|Any CPU
	EndGlobalSection
	GlobalSection(ProjectConfigurationPlatforms) = postSolution
		{EC2DB917-1FD3-469F-B9B0-788E16432D55}.Debug|Any CPU.ActiveCfg = Debug|Any CPU
		{EC2DB917-1FD3-469F-B9B0-788E16432D55}.Debug|Any CPU.Build.0 = Debug|Any CPU
		{EC2DB917-1FD3-469F-B9B0-788E16432D55}.Release|Any CPU.ActiveCfg = Release|Any CPU
		{EC2DB917-1FD3-469F-B9B0-788E16432D55}.Release|Any CPU.Build.0 = Release|Any CPU
		{98891D26-FB74-40C1-B4D3-526616DE9462}.Debug|Any CPU.ActiveCfg = Debug|Any CPU
		{98891D26-FB74-40C1-B4D3-526616DE9462}.Debug|Any CPU.Build.0 = Debug|Any CPU
		{98891D26-FB74-40C1-B4D3-526616DE9462}.Release|Any CPU.ActiveCfg = Release|Any CPU
		{98891D26-FB74-40C1-B4D3-526616DE9462}.Release|Any CPU.Build.0 = Release|Any CPU
	EndGlobalSection
	GlobalSection(SolutionProperties) = preSolution
		HideSolutionNode = FALSE
	EndGlobalSection
	GlobalSection(ExtensibilityGlobals) = postSolution
		SolutionGuid = {09EC129E-B3F2-40A4-ABC9-391A6DD81918}
	EndGlobalSection
EndGlobal
